<?xml version="1.0" encoding="utf-8"?>
<Project ToolsVersion="4.0" xmlns="http://schemas.microsoft.com/developer/msbuild/2003">
  <ItemGroup>
    <Filter Include="include">
      <UniqueIdentifier>{ace1e8fd-2620-4a07-bdfb-1dcc2ed50499}</UniqueIdentifier>
    </Filter>
    <Filter Include="src">
      <UniqueIdentifier>{c0f75f60-18dd-4c16-b02f-b2b3e471c349}</UniqueIdentifier>
    </Filter>
    <Filter Include="shaders">
      <UniqueIdentifier>{b7e487b5-7d55-44c5-866c-f68bb002c96d}</UniqueIdentifier>
    </Filter>
    <Filter Include="include\imgui">
      <UniqueIdentifier>{d58978f7-532b-47a9-bbb1-6811349a9413}</UniqueIdentifier>
    </Filter>
    <Filter Include="src\imgui">
      <UniqueIdentifier>{eeaa3ea7-8735-4ba5-9ddd-075bbe7a6469}</UniqueIdentifier>
    </Filter>
  </ItemGroup>
  <ItemGroup>
    <ClCompile Include="src\glad.c">
      <Filter>src</Filter>
    </ClCompile>
    <ClCompile Include="src\Renderer.cpp">
      <Filter>src</Filter>
    </ClCompile>
    <ClCompile Include="main_RT.cpp" />
    <ClCompile Include="src\Model.cpp">
      <Filter>src</Filter>
    </ClCompile>
    <ClCompile Include="src\Mesh.cpp">
      <Filter>src</Filter>
    </ClCompile>
    <ClCompile Include="src\RenderNode.cpp">
      <Filter>src</Filter>
    </ClCompile>
    <ClCompile Include="src\Scene.cpp">
      <Filter>src</Filter>
    </ClCompile>
    <ClCompile Include="src\Utils.cpp">
      <Filter>src</Filter>
    </ClCompile>
    <ClCompile Include="src\stb_image.cpp">
      <Filter>src</Filter>
    </ClCompile>
    <ClCompile Include="src\imgui.cpp">
      <Filter>src\imgui</Filter>
    </ClCompile>
    <ClCompile Include="src\imgui_demo.cpp">
      <Filter>src\imgui</Filter>
    </ClCompile>
    <ClCompile Include="src\imgui_draw.cpp">
      <Filter>src\imgui</Filter>
    </ClCompile>
    <ClCompile Include="src\imgui_impl_glfw.cpp">
      <Filter>src\imgui</Filter>
    </ClCompile>
    <ClCompile Include="src\imgui_impl_opengl3.cpp">
      <Filter>src\imgui</Filter>
    </ClCompile>
    <ClCompile Include="src\imgui_tables.cpp">
      <Filter>src\imgui</Filter>
    </ClCompile>
    <ClCompile Include="src\imgui_widgets.cpp">
      <Filter>src\imgui</Filter>
    </ClCompile>
    <ClCompile Include="src\main.cpp" />
  </ItemGroup>
  <ItemGroup>
    <ClInclude Include="include\BVH.h">
      <Filter>include</Filter>
    </ClInclude>
    <ClInclude Include="include\Camera.h">
      <Filter>include</Filter>
    </ClInclude>
    <ClInclude Include="include\Material.h">
      <Filter>include</Filter>
    </ClInclude>
    <ClInclude Include="include\Mesh.h">
      <Filter>include</Filter>
    </ClInclude>
    <ClInclude Include="include\Model.h">
      <Filter>include</Filter>
    </ClInclude>
    <ClInclude Include="include\Scene.h">
      <Filter>include</Filter>
    </ClInclude>
    <ClInclude Include="include\Shader.h">
      <Filter>include</Filter>
    </ClInclude>
    <ClInclude Include="include\stb_image.h">
      <Filter>include</Filter>
    </ClInclude>
    <ClInclude Include="include\Triangle.h">
      <Filter>include</Filter>
    </ClInclude>
    <ClInclude Include="include\Utils.h">
      <Filter>include</Filter>
    </ClInclude>
    <ClInclude Include="include\Renderer.h">
      <Filter>include</Filter>
    </ClInclude>
    <ClInclude Include="include\GlobalFeat.h">
      <Filter>include</Filter>
    </ClInclude>
    <ClInclude Include="include\RenderNode.h">
      <Filter>include</Filter>
    </ClInclude>
    <ClInclude Include="include\SceneConfig.h">
      <Filter>include</Filter>
    </ClInclude>
    <ClInclude Include="include\RenderContext.h">
      <Filter>include</Filter>
    </ClInclude>
    <ClInclude Include="include\Octree.h">
      <Filter>include</Filter>
    </ClInclude>
    <ClInclude Include="include\KDTree.h">
      <Filter>include</Filter>
    </ClInclude>
    <ClInclude Include="include\imconfig.h">
      <Filter>include\imgui</Filter>
    </ClInclude>
    <ClInclude Include="include\imgui.h">
      <Filter>include\imgui</Filter>
    </ClInclude>
    <ClInclude Include="include\imgui_impl_glfw.h">
      <Filter>include\imgui</Filter>
    </ClInclude>
    <ClInclude Include="include\imgui_impl_opengl3.h">
      <Filter>include\imgui</Filter>
    </ClInclude>
    <ClInclude Include="include\imgui_impl_opengl3_loader.h">
      <Filter>include\imgui</Filter>
    </ClInclude>
    <ClInclude Include="include\imgui_internal.h">
      <Filter>include\imgui</Filter>
    </ClInclude>
  </ItemGroup>
  <ItemGroup>
    <None Include="Resources\shaders\hdrToSkyobox.frag">
      <Filter>shaders</Filter>
    </None>
    <None Include="Resources\shaders\hdrToSkyobox.vert">
      <Filter>shaders</Filter>
    </None>
    <None Include="Resources\shaders\phong.frag">
      <Filter>shaders</Filter>
    </None>
    <None Include="Resources\shaders\phong.vert">
      <Filter>shaders</Filter>
    </None>
    <None Include="Resources\shaders\skybox.frag">
      <Filter>shaders</Filter>
    </None>
    <None Include="Resources\shaders\skybox.vert">
      <Filter>shaders</Filter>
    </None>
    <None Include="Resources\shaders\unlit.frag">
      <Filter>shaders</Filter>
    </None>
    <None Include="ClassDiagram3.cd" />
    <None Include="Resources\shaders\debug_BVH.frag">
      <Filter>shaders</Filter>
    </None>
    <None Include="Resources\shaders\debug_ia.frag">
      <Filter>shaders</Filter>
    </None>
    <None Include="Resources\shaders\framebuffersToscreen.frag">
      <Filter>shaders</Filter>
    </None>
    <None Include="Resources\shaders\hdrToLdr.frag">
      <Filter>shaders</Filter>
    </None>
    <None Include="Resources\shaders\hdrToLdr.vert">
      <Filter>shaders</Filter>
    </None>
    <None Include="Resources\shaders\post.frag">
      <Filter>shaders</Filter>
    </None>
    <None Include="Resources\shaders\RT.frag">
      <Filter>shaders</Filter>
    </None>
    <None Include="Resources\shaders\screen.vert">
      <Filter>shaders</Filter>
    </None>
  </ItemGroup>
</Project>